// !$*UTF8*$!
{
	archiveVersion = 1;
	classes = {
	};
	objectVersion = 56;
	objects = {

/* Begin PBXBuildFile section */
		DD3E924129EFD40F00B72316 /* BlackViewController.swift in Sources */ = {isa = PBXBuildFile; fileRef = DD3E924029EFD40F00B72316 /* BlackViewController.swift */; };
		DD3E924329EFD61D00B72316 /* PurpleViewController.swift in Sources */ = {isa = PBXBuildFile; fileRef = DD3E924229EFD61D00B72316 /* PurpleViewController.swift */; };
		DD3E924529EFD62E00B72316 /* BlueViewController.swift in Sources */ = {isa = PBXBuildFile; fileRef = DD3E924429EFD62E00B72316 /* BlueViewController.swift */; };
		DD7A747929EEA03600B22A81 /* AppDelegate.swift in Sources */ = {isa = PBXBuildFile; fileRef = DD7A747829EEA03600B22A81 /* AppDelegate.swift */; };
		DD7A747B29EEA03600B22A81 /* SceneDelegate.swift in Sources */ = {isa = PBXBuildFile; fileRef = DD7A747A29EEA03600B22A81 /* SceneDelegate.swift */; };
		DD7A747D29EEA03600B22A81 /* ViewController.swift in Sources */ = {isa = PBXBuildFile; fileRef = DD7A747C29EEA03600B22A81 /* ViewController.swift */; };
		DD7A748029EEA03600B22A81 /* Main.storyboard in Resources */ = {isa = PBXBuildFile; fileRef = DD7A747E29EEA03600B22A81 /* Main.storyboard */; };
		DD7A748229EEA03800B22A81 /* Assets.xcassets in Resources */ = {isa = PBXBuildFile; fileRef = DD7A748129EEA03800B22A81 /* Assets.xcassets */; };
		DD7A748529EEA03800B22A81 /* LaunchScreen.storyboard in Resources */ = {isa = PBXBuildFile; fileRef = DD7A748329EEA03800B22A81 /* LaunchScreen.storyboard */; };
/* End PBXBuildFile section */

/* Begin PBXFileReference section */
		DD3E924029EFD40F00B72316 /* BlackViewController.swift */ = {isa = PBXFileReference; lastKnownFileType = sourcecode.swift; path = BlackViewController.swift; sourceTree = "<group>"; };
		DD3E924229EFD61D00B72316 /* PurpleViewController.swift */ = {isa = PBXFileReference; lastKnownFileType = sourcecode.swift; path = PurpleViewController.swift; sourceTree = "<group>"; };
		DD3E924429EFD62E00B72316 /* BlueViewController.swift */ = {isa = PBXFileReference; lastKnownFileType = sourcecode.swift; path = BlueViewController.swift; sourceTree = "<group>"; };
		DD7A747529EEA03600B22A81 /* S_15_navegacion_pantallas.app */ = {isa = PBXFileReference; explicitFileType = wrapper.application; includeInIndex = 0; path = S_15_navegacion_pantallas.app; sourceTree = BUILT_PRODUCTS_DIR; };
		DD7A747829EEA03600B22A81 /* AppDelegate.swift */ = {isa = PBXFileReference; lastKnownFileType = sourcecode.swift; path = AppDelegate.swift; sourceTree = "<group>"; };
		DD7A747A29EEA03600B22A81 /* SceneDelegate.swift */ = {isa = PBXFileReference; lastKnownFileType = sourcecode.swift; path = SceneDelegate.swift; sourceTree = "<group>"; };
		DD7A747C29EEA03600B22A81 /* ViewController.swift */ = {isa = PBXFileReference; lastKnownFileType = sourcecode.swift; path = ViewController.swift; sourceTree = "<group>"; };
		DD7A747F29EEA03600B22A81 /* Base */ = {isa = PBXFileReference; lastKnownFileType = file.storyboard; name = Base; path = Base.lproj/Main.storyboard; sourceTree = "<group>"; };
		DD7A748129EEA03800B22A81 /* Assets.xcassets */ = {isa = PBXFileReference; lastKnownFileType = folder.assetcatalog; path = Assets.xcassets; sourceTree = "<group>"; };
		DD7A748429EEA03800B22A81 /* Base */ = {isa = PBXFileReference; lastKnownFileType = file.storyboard; name = Base; path = Base.lproj/LaunchScreen.storyboard; sourceTree = "<group>"; };
		DD7A748629EEA03800B22A81 /* Info.plist */ = {isa = PBXFileReference; lastKnownFileType = text.plist.xml; path = Info.plist; sourceTree = "<group>"; };
/* End PBXFileReference section */

/* Begin PBXFrameworksBuildPhase section */
		DD7A747229EEA03600B22A81 /* Frameworks */ = {
			isa = PBXFrameworksBuildPhase;
			buildActionMask = 2147483647;
			files = (
			);
			runOnlyForDeploymentPostprocessing = 0;
		};
/* End PBXFrameworksBuildPhase section */

/* Begin PBXGroup section */
		DD7A746C29EEA03600B22A81 = {
			isa = PBXGroup;
			children = (
				DD7A747729EEA03600B22A81 /* S_15_navegacion_pantallas */,
				DD7A747629EEA03600B22A81 /* Products */,
			);
			sourceTree = "<group>";
		};
		DD7A747629EEA03600B22A81 /* Products */ = {
			isa = PBXGroup;
			children = (
				DD7A747529EEA03600B22A81 /* S_15_navegacion_pantallas.app */,
			);
			name = Products;
			sourceTree = "<group>";
		};
		DD7A747729EEA03600B22A81 /* S_15_navegacion_pantallas */ = {
			isa = PBXGroup;
			children = (
				DD7A747829EEA03600B22A81 /* AppDelegate.swift */,
				DD7A747A29EEA03600B22A81 /* SceneDelegate.swift */,
				DD7A747C29EEA03600B22A81 /* ViewController.swift */,
				DD3E924029EFD40F00B72316 /* BlackViewController.swift */,
				DD3E924229EFD61D00B72316 /* PurpleViewController.swift */,
				DD3E924429EFD62E00B72316 /* BlueViewController.swift */,
				DD7A747E29EEA03600B22A81 /* Main.storyboard */,
				DD7A748129EEA03800B22A81 /* Assets.xcassets */,
				DD7A748329EEA03800B22A81 /* LaunchScreen.storyboard */,
				DD7A748629EEA03800B22A81 /* Info.plist */,
			);
			path = S_15_navegacion_pantallas;
			sourceTree = "<group>";
		};
/* End PBXGroup section */

/* Begin PBXNativeTarget section */
		DD7A747429EEA03600B22A81 /* S_15_navegacion_pantallas */ = {
			isa = PBXNativeTarget;
			buildConfigurationList = DD7A748929EEA03800B22A81 /* Build configuration list for PBXNativeTarget "S_15_navegacion_pantallas" */;
			buildPhases = (
				DD7A747129EEA03600B22A81 /* Sources */,
				DD7A747229EEA03600B22A81 /* Frameworks */,
				DD7A747329EEA03600B22A81 /* Resources */,
			);
			buildRules = (
			);
			dependencies = (
			);
			name = S_15_navegacion_pantallas;
			productName = S_15_navegacion_pantallas;
			productReference = DD7A747529EEA03600B22A81 /* S_15_navegacion_pantallas.app */;
			productType = "com.apple.product-type.application";
		};
/* End PBXNativeTarget section */

/* Begin PBXProject section */
		DD7A746D29EEA03600B22A81 /* Project object */ = {
			isa = PBXProject;
			attributes = {
				BuildIndependentTargetsInParallel = 1;
				LastSwiftUpdateCheck = 1420;
				LastUpgradeCheck = 1420;
				TargetAttributes = {
					DD7A747429EEA03600B22A81 = {
						CreatedOnToolsVersion = 14.2;
					};
				};
			};
			buildConfigurationList = DD7A747029EEA03600B22A81 /* Build configuration list for PBXProject "S_15_navegacion_pantallas" */;
			compatibilityVersion = "Xcode 14.0";
			developmentRegion = en;
			hasScannedForEncodings = 0;
			knownRegions = (
				en,
				Base,
			);
			mainGroup = DD7A746C29EEA03600B22A81;
			productRefGroup = DD7A747629EEA03600B22A81 /* Products */;
			projectDirPath = "";
			projectRoot = "";
			targets = (
				DD7A747429EEA03600B22A81 /* S_15_navegacion_pantallas */,
			);
		};
/* End PBXProject section */

/* Begin PBXResourcesBuildPhase section */
		DD7A747329EEA03600B22A81 /* Resources */ = {
			isa = PBXResourcesBuildPhase;
			buildActionMask = 2147483647;
			files = (
				DD7A748529EEA03800B22A81 /* LaunchScreen.storyboard in Resources */,
				DD7A748229EEA03800B22A81 /* Assets.xcassets in Resources */,
				DD7A748029EEA03600B22A81 /* Main.storyboard in Resources */,
			);
			runOnlyForDeploymentPostprocessing = 0;
		};
/* End PBXResourcesBuildPhase section */

/* Begin PBXSourcesBuildPhase section */
		DD7A747129EEA03600B22A81 /* Sources */ = {
			isa = PBXSourcesBuildPhase;
			buildActionMask = 2147483647;
			files = (
				DD3E924129EFD40F00B72316 /* BlackViewController.swift in Sources */,
				DD7A747D29EEA03600B22A81 /* ViewController.swift in Sources */,
				DD3E924329EFD61D00B72316 /* PurpleViewController.swift in Sources */,
				DD7A747929EEA03600B22A81 /* AppDelegate.swift in Sources */,
				DD3E924529EFD62E00B72316 /* BlueViewController.swift in Sources */,
				DD7A747B29EEA03600B22A81 /* SceneDelegate.swift in Sources */,
			);
			runOnlyForDeploymentPostprocessing = 0;
		};
/* End PBXSourcesBuildPhase section */

/* Begin PBXVariantGroup section */
		DD7A747E29EEA03600B22A81 /* Main.storyboard */ = {
			isa = PBXVariantGroup;
			children = (
				DD7A747F29EEA03600B22A81 /* Base */,
			);
			name = Main.storyboard;
			sourceTree = "<group>";
		};
		DD7A748329EEA03800B22A81 /* LaunchScreen.storyboard */ = {
			isa = PBXVariantGroup;
			children = (
				DD7A748429EEA03800B22A81 /* Base */,
			);
			name = LaunchScreen.storyboard;
			sourceTree = "<group>";
		};
/* End PBXVariantGroup section */

/* Begin XCBuildConfiguration section */
		DD7A748729EEA03800B22A81 /* Debug */ = {
			isa = XCBuildConfiguration;
			buildSettings = {
				ALWAYS_SEARCH_USER_PATHS = NO;
				CLANG_ANALYZER_NONNULL = YES;
				CLANG_ANALYZER_NUMBER_OBJECT_CONVERSION = YES_AGGRESSIVE;
				CLANG_CXX_LANGUAGE_STANDARD = "gnu++20";
				CLANG_ENABLE_MODULES = YES;
				CLANG_ENABLE_OBJC_ARC = YES;
				CLANG_ENABLE_OBJC_WEAK = YES;
				CLANG_WARN_BLOCK_CAPTURE_AUTORELEASING = YES;
				CLANG_WARN_BOOL_CONVERSION = YES;
				CLANG_WARN_COMMA = YES;
				CLANG_WARN_CONSTANT_CONVERSION = YES;
				CLANG_WARN_DEPRECATED_OBJC_IMPLEMENTATIONS = YES;
				CLANG_WARN_DIRECT_OBJC_ISA_USAGE = YES_ERROR;
				CLANG_WARN_DOCUMENTATION_COMMENTS = YES;
				CLANG_WARN_EMPTY_BODY = YES;
				CLANG_WARN_ENUM_CONVERSION = YES;
				CLANG_WARN_INFINITE_RECURSION = YES;
				CLANG_WARN_INT_CONVERSION = YES;
				CLANG_WARN_NON_LITERAL_NULL_CONVERSION = YES;
				CLANG_WARN_OBJC_IMPLICIT_RETAIN_SELF = YES;
				CLANG_WARN_OBJC_LITERAL_CONVERSION = YES;
				CLANG_WARN_OBJC_ROOT_CLASS = YES_ERROR;
				CLANG_WARN_QUOTED_INCLUDE_IN_FRAMEWORK_HEADER = YES;
				CLANG_WARN_RANGE_LOOP_ANALYSIS = YES;
				CLANG_WARN_STRICT_PROTOTYPES = YES;
				CLANG_WARN_SUSPICIOUS_MOVE = YES;
				CLANG_WARN_UNGUARDED_AVAILABILITY = YES_AGGRESSIVE;
				CLANG_WARN_UNREACHABLE_CODE = YES;
				CLANG_WARN__DUPLICATE_METHOD_MATCH = YES;
				COPY_PHASE_STRIP = NO;
				DEBUG_INFORMATION_FORMAT = dwarf;
				ENABLE_STRICT_OBJC_MSGSEND = YES;
				ENABLE_TESTABILITY = YES;
				GCC_C_LANGUAGE_STANDARD = gnu11;
				GCC_DYNAMIC_NO_PIC = NO;
				GCC_NO_COMMON_BLOCKS = YES;
				GCC_OPTIMIZATION_LEVEL = 0;
				GCC_PREPROCESSOR_DEFINITIONS = (
					"DEBUG=1",
					"$(inherited)",
				);
				GCC_WARN_64_TO_32_BIT_CONVERSION = YES;
				GCC_WARN_ABOUT_RETURN_TYPE = YES_ERROR;
				GCC_WARN_UNDECLARED_SELECTOR = YES;
				GCC_WARN_UNINITIALIZED_AUTOS = YES_AGGRESSIVE;
				GCC_WARN_UNUSED_FUNCTION = YES;
				GCC_WARN_UNUSED_VARIABLE = YES;
				IPHONEOS_DEPLOYMENT_TARGET = 16.2;
				MTL_ENABLE_DEBUG_INFO = INCLUDE_SOURCE;
				MTL_FAST_MATH = YES;
				ONLY_ACTIVE_ARCH = YES;
				SDKROOT = iphoneos;
				SWIFT_ACTIVE_COMPILATION_CONDITIONS = DEBUG;
				SWIFT_OPTIMIZATION_LEVEL = "-Onone";
			};
			name = Debug;
		};
		DD7A748829EEA03800B22A81 /* Release */ = {
			isa = XCBuildConfiguration;
			buildSettings = {
				ALWAYS_SEARCH_USER_PATHS = NO;
				CLANG_ANALYZER_NONNULL = YES;
				CLANG_ANALYZER_NUMBER_OBJECT_CONVERSION = YES_AGGRESSIVE;
				CLANG_CXX_LANGUAGE_STANDARD = "gnu++20";
				CLANG_ENABLE_MODULES = YES;
				CLANG_ENABLE_OBJC_ARC = YES;
				CLANG_ENABLE_OBJC_WEAK = YES;
				CLANG_WARN_BLOCK_CAPTURE_AUTORELEASING = YES;
				CLANG_WARN_BOOL_CONVERSION = YES;
				CLANG_WARN_COMMA = YES;
				CLANG_WARN_CONSTANT_CONVERSION = YES;
				CLANG_WARN_DEPRECATED_OBJC_IMPLEMENTATIONS = YES;
				CLANG_WARN_DIRECT_OBJC_ISA_USAGE = YES_ERROR;
				CLANG_WARN_DOCUMENTATION_COMMENTS = YES;
				CLANG_WARN_EMPTY_BODY = YES;
				CLANG_WARN_ENUM_CONVERSION = YES;
				CLANG_WARN_INFINITE_RECURSION = YES;
				CLANG_WARN_INT_CONVERSION = YES;
				CLANG_WARN_NON_LITERAL_NULL_CONVERSION = YES;
				CLANG_WARN_OBJC_IMPLICIT_RETAIN_SELF = YES;
				CLANG_WARN_OBJC_LITERAL_CONVERSION = YES;
				CLANG_WARN_OBJC_ROOT_CLASS = YES_ERROR;
				CLANG_WARN_QUOTED_INCLUDE_IN_FRAMEWORK_HEADER = YES;
				CLANG_WARN_RANGE_LOOP_ANALYSIS = YES;
				CLANG_WARN_STRICT_PROTOTYPES = YES;
				CLANG_WARN_SUSPICIOUS_MOVE = YES;
				CLANG_WARN_UNGUARDED_AVAILABILITY = YES_AGGRESSIVE;
				CLANG_WARN_UNREACHABLE_CODE = YES;
				CLANG_WARN__DUPLICATE_METHOD_MATCH = YES;
				COPY_PHASE_STRIP = NO;
				DEBUG_INFORMATION_FORMAT = "dwarf-with-dsym";
				ENABLE_NS_ASSERTIONS = NO;
				ENABLE_STRICT_OBJC_MSGSEND = YES;
				GCC_C_LANGUAGE_STANDARD = gnu11;
				GCC_NO_COMMON_BLOCKS = YES;
				GCC_WARN_64_TO_32_BIT_CONVERSION = YES;
				GCC_WARN_ABOUT_RETURN_TYPE = YES_ERROR;
				GCC_WARN_UNDECLARED_SELECTOR = YES;
				GCC_WARN_UNINITIALIZED_AUTOS = YES_AGGRESSIVE;
				GCC_WARN_UNUSED_FUNCTION = YES;
				GCC_WARN_UNUSED_VARIABLE = YES;
				IPHONEOS_DEPLOYMENT_TARGET = 16.2;
				MTL_ENABLE_DEBUG_INFO = NO;
				MTL_FAST_MATH = YES;
				SDKROOT = iphoneos;
				SWIFT_COMPILATION_MODE = wholemodule;
				SWIFT_OPTIMIZATION_LEVEL = "-O";
				VALIDATE_PRODUCT = YES;
			};
			name = Release;
		};
		DD7A748A29EEA03800B22A81 /* Debug */ = {
			isa = XCBuildConfiguration;
			buildSettings = {
				ASSETCATALOG_COMPILER_APPICON_NAME = AppIcon;
				ASSETCATALOG_COMPILER_GLOBAL_ACCENT_COLOR_NAME = AccentColor;
				CODE_SIGN_STYLE = Automatic;
				CURRENT_PROJECT_VERSION = 1;
				DEVELOPMENT_TEAM = 2SD7KFKBQX;
				GENERATE_INFOPLIST_FILE = YES;
				INFOPLIST_FILE = S_15_navegacion_pantallas/Info.plist;
				INFOPLIST_KEY_UIApplicationSupportsIndirectInputEvents = YES;
				INFOPLIST_KEY_UILaunchStoryboardName = LaunchScreen;
				INFOPLIST_KEY_UIMainStoryboardFile = Main;
				INFOPLIST_KEY_UISupportedInterfaceOrientations_iPad = "UIInterfaceOrientationPortrait UIInterfaceOrientationPortraitUpsideDown UIInterfaceOrientationLandscapeLeft UIInterfaceOrientationLandscapeRight";
				INFOPLIST_KEY_UISupportedInterfaceOrientations_iPhone = "UIInterfaceOrientationPortrait UIInterfaceOrientationLandscapeLeft UIInterfaceOrientationLandscapeRight";
				LD_RUNPATH_SEARCH_PATHS = (
					"$(inherited)",
					"@executable_path/Frameworks",
				);
				MARKETING_VERSION = 2;
				PRODUCT_BUNDLE_IDENTIFIER = "com.elm.S-15-navegacion-pantallas";
				PRODUCT_NAME = "$(TARGET_NAME)";
				SWIFT_EMIT_LOC_STRINGS = YES;
				SWIFT_VERSION = 5.0;
				TARGETED_DEVICE_FAMILY = "1,2";
			};
			name = Debug;
		};
		DD7A748B29EEA03800B22A81 /* Release */ = {
			isa = XCBuildConfiguration;
			buildSettings = {
				ASSETCATALOG_COMPILER_APPICON_NAME = AppIcon;
				ASSETCATALOG_COMPILER_GLOBAL_ACCENT_COLOR_NAME = AccentColor;
				CODE_SIGN_STYLE = Automatic;
				CURRENT_PROJECT_VERSION = 1;
				DEVELOPMENT_TEAM = 2SD7KFKBQX;
				GENERATE_INFOPLIST_FILE = YES;
				INFOPLIST_FILE = S_15_navegacion_pantallas/Info.plist;
				INFOPLIST_KEY_UIApplicationSupportsIndirectInputEvents = YES;
				INFOPLIST_KEY_UILaunchStoryboardName = LaunchScreen;
				INFOPLIST_KEY_UIMainStoryboardFile = Main;
				INFOPLIST_KEY_UISupportedInterfaceOrientations_iPad = "UIInterfaceOrientationPortrait UIInterfaceOrientationPortraitUpsideDown UIInterfaceOrientationLandscapeLeft UIInterfaceOrientationLandscapeRight";
				INFOPLIST_KEY_UISupportedInterfaceOrientations_iPhone = "UIInterfaceOrientationPortrait UIInterfaceOrientationLandscapeLeft UIInterfaceOrientationLandscapeRight";
				LD_RUNPATH_SEARCH_PATHS = (
					"$(inherited)",
					"@executable_path/Frameworks",
				);
				MARKETING_VERSION = 2;
				PRODUCT_BUNDLE_IDENTIFIER = "com.elm.S-15-navegacion-pantallas";
				PRODUCT_NAME = "$(TARGET_NAME)";
				SWIFT_EMIT_LOC_STRINGS = YES;
				SWIFT_VERSION = 5.0;
				TARGETED_DEVICE_FAMILY = "1,2";
			};
			name = Release;
		};
/* End XCBuildConfiguration section */

/* Begin XCConfigurationList section */
		DD7A747029EEA03600B22A81 /* Build configuration list for PBXProject "S_15_navegacion_pantallas" */ = {
			isa = XCConfigurationList;
			buildConfigurations = (
				DD7A748729EEA03800B22A81 /* Debug */,
				DD7A748829EEA03800B22A81 /* Release */,
			);
			defaultConfigurationIsVisible = 0;
			defaultConfigurationName = Release;
		};
		DD7A748929EEA03800B22A81 /* Build configuration list for PBXNativeTarget "S_15_navegacion_pantallas" */ = {
			isa = XCConfigurationList;
			buildConfigurations = (
				DD7A748A29EEA03800B22A81 /* Debug */,
				DD7A748B29EEA03800B22A81 /* Release */,
			);
			defaultConfigurationIsVisible = 0;
			defaultConfigurationName = Release;
		};
/* End XCConfigurationList section */
	};
	rootObject = DD7A746D29EEA03600B22A81 /* Project object */;
}
